
Microsoft Visual Studio Solution File, Format Version 12.00
# Visual Studio Version 17
VisualStudioVersion = 17.0.31912.275
MinimumVisualStudioVersion = 10.0.40219.1
Project("{9A19103F-16F7-4668-BE54-9A1E7A4F7556}") = "ApiCountryLib", "ApiCountryLib\ApiCountryLib.csproj", "{7EA17669-6FD8-41AA-BAC6-A1A7F5AEFB7E}"
EndProject
Project("{9A19103F-16F7-4668-BE54-9A1E7A4F7556}") = "ApiStocksLib", "ApiStocksLib\ApiStocksLib.csproj", "{F8B51373-2152-4FA2-A0EB-5E34400A6B67}"
EndProject
Project("{9A19103F-16F7-4668-BE54-9A1E7A4F7556}") = "BagLib", "BagLib\BagLib.csproj", "{B13447C6-4971-4968-B33A-ACDC0D6D2A4E}"
EndProject
Project("{9A19103F-16F7-4668-BE54-9A1E7A4F7556}") = "BagMVC", "BagMVC\BagMVC.csproj", "{8CECB78B-A0E9-4782-A993-49A6611AB968}"
EndProject
Global
	GlobalSection(SolutionConfigurationPlatforms) = preSolution
		Debug|Any CPU = Debug|Any CPU
		Release|Any CPU = Release|Any CPU
	EndGlobalSection
	GlobalSection(ProjectConfigurationPlatforms) = postSolution
		{7EA17669-6FD8-41AA-BAC6-A1A7F5AEFB7E}.Debug|Any CPU.ActiveCfg = Debug|Any CPU
		{7EA17669-6FD8-41AA-BAC6-A1A7F5AEFB7E}.Debug|Any CPU.Build.0 = Debug|Any CPU
		{7EA17669-6FD8-41AA-BAC6-A1A7F5AEFB7E}.Release|Any CPU.ActiveCfg = Release|Any CPU
		{7EA17669-6FD8-41AA-BAC6-A1A7F5AEFB7E}.Release|Any CPU.Build.0 = Release|Any CPU
		{F8B51373-2152-4FA2-A0EB-5E34400A6B67}.Debug|Any CPU.ActiveCfg = Debug|Any CPU
		{F8B51373-2152-4FA2-A0EB-5E34400A6B67}.Debug|Any CPU.Build.0 = Debug|Any CPU
		{F8B51373-2152-4FA2-A0EB-5E34400A6B67}.Release|Any CPU.ActiveCfg = Release|Any CPU
		{F8B51373-2152-4FA2-A0EB-5E34400A6B67}.Release|Any CPU.Build.0 = Release|Any CPU
		{B13447C6-4971-4968-B33A-ACDC0D6D2A4E}.Debug|Any CPU.ActiveCfg = Debug|Any CPU
		{B13447C6-4971-4968-B33A-ACDC0D6D2A4E}.Debug|Any CPU.Build.0 = Debug|Any CPU
		{B13447C6-4971-4968-B33A-ACDC0D6D2A4E}.Release|Any CPU.ActiveCfg = Release|Any CPU
		{B13447C6-4971-4968-B33A-ACDC0D6D2A4E}.Release|Any CPU.Build.0 = Release|Any CPU
		{8CECB78B-A0E9-4782-A993-49A6611AB968}.Debug|Any CPU.ActiveCfg = Debug|Any CPU
		{8CECB78B-A0E9-4782-A993-49A6611AB968}.Debug|Any CPU.Build.0 = Debug|Any CPU
		{8CECB78B-A0E9-4782-A993-49A6611AB968}.Release|Any CPU.ActiveCfg = Release|Any CPU
		{8CECB78B-A0E9-4782-A993-49A6611AB968}.Release|Any CPU.Build.0 = Release|Any CPU
	EndGlobalSection
	GlobalSection(SolutionProperties) = preSolution
		HideSolutionNode = FALSE
	EndGlobalSection
	GlobalSection(ExtensibilityGlobals) = postSolution
		SolutionGuid = {3C91F4E0-929E-4A0F-ABD2-61DB00E78008}
	EndGlobalSection
EndGlobal
